
Microsoft Visual Studio Solution File, Format Version 12.00
# Visual Studio Version 17
VisualStudioVersion = 17.8.34330.188
MinimumVisualStudioVersion = 10.0.40219.1
Project("{FAE04EC0-301F-11D3-BF4B-00C04F79EFBC}") = "FlappyConsole", "FlappyConsole.csproj", "{99AE5B21-DB92-47A3-B110-740069DD6802}"
EndProject
Global
	GlobalSection(SolutionConfigurationPlatforms) = preSolution
		Debug|Any CPU = Debug|Any CPU
		Release|Any CPU = Release|Any CPU
	EndGlobalSection
	GlobalSection(ProjectConfigurationPlatforms) = postSolution
		{99AE5B21-DB92-47A3-B110-740069DD6802}.Debug|Any CPU.ActiveCfg = Debug|Any CPU
		{99AE5B21-DB92-47A3-B110-740069DD6802}.Debug|Any CPU.Build.0 = Debug|Any CPU
		{99AE5B21-DB92-47A3-B110-740069DD6802}.Release|Any CPU.ActiveCfg = Release|Any CPU
		{99AE5B21-DB92-47A3-B110-740069DD6802}.Release|Any CPU.Build.0 = Release|Any CPU
	EndGlobalSection
	GlobalSection(SolutionProperties) = preSolution
		HideSolutionNode = FALSE
	EndGlobalSection
	GlobalSection(ExtensibilityGlobals) = postSolution
		SolutionGuid = {DA2B35EB-DEAE-479B-826D-9F71468C5E22}
	EndGlobalSection
EndGlobal
